
Microsoft Visual Studio Solution File, Format Version 12.00
# Visual Studio Version 16
VisualStudioVersion = 16.0.29409.12
MinimumVisualStudioVersion = 10.0.40219.1
Project("{FAE04EC0-301F-11D3-BF4B-00C04F79EFBC}") = "TmBugun", "TmBugun\TmBugun.csproj", "{3623D733-923B-4035-AC4F-95DBF56B1004}"
EndProject
Global
	GlobalSection(SolutionConfigurationPlatforms) = preSolution
		Debug|Any CPU = Debug|Any CPU
		Release|Any CPU = Release|Any CPU
	EndGlobalSection
	GlobalSection(ProjectConfigurationPlatforms) = postSolution
		{3623D733-923B-4035-AC4F-95DBF56B1004}.Debug|Any CPU.ActiveCfg = Debug|Any CPU
		{3623D733-923B-4035-AC4F-95DBF56B1004}.Debug|Any CPU.Build.0 = Debug|Any CPU
		{3623D733-923B-4035-AC4F-95DBF56B1004}.Release|Any CPU.ActiveCfg = Release|Any CPU
		{3623D733-923B-4035-AC4F-95DBF56B1004}.Release|Any CPU.Build.0 = Release|Any CPU
	EndGlobalSection
	GlobalSection(SolutionProperties) = preSolution
		HideSolutionNode = FALSE
	EndGlobalSection
	GlobalSection(ExtensibilityGlobals) = postSolution
		SolutionGuid = {63216C40-C259-4902-AF85-9D9714A2B32B}
	EndGlobalSection
EndGlobal
